
Microsoft Visual Studio Solution File, Format Version 12.00
# Visual Studio Version 16
VisualStudioVersion = 16.0.32901.82
MinimumVisualStudioVersion = 10.0.40219.1
Project("{FAE04EC0-301F-11D3-BF4B-00C04F79EFBC}") = "TweetApp", "TweetApp.csproj", "{9374FFB0-1971-4494-8A12-BB4545E3CBFC}"
EndProject
Global
	GlobalSection(SolutionConfigurationPlatforms) = preSolution
		Debug|Any CPU = Debug|Any CPU
		Release|Any CPU = Release|Any CPU
	EndGlobalSection
	GlobalSection(ProjectConfigurationPlatforms) = postSolution
		{9374FFB0-1971-4494-8A12-BB4545E3CBFC}.Debug|Any CPU.ActiveCfg = Debug|Any CPU
		{9374FFB0-1971-4494-8A12-BB4545E3CBFC}.Debug|Any CPU.Build.0 = Debug|Any CPU
		{9374FFB0-1971-4494-8A12-BB4545E3CBFC}.Release|Any CPU.ActiveCfg = Release|Any CPU
		{9374FFB0-1971-4494-8A12-BB4545E3CBFC}.Release|Any CPU.Build.0 = Release|Any CPU
	EndGlobalSection
	GlobalSection(SolutionProperties) = preSolution
		HideSolutionNode = FALSE
	EndGlobalSection
	GlobalSection(ExtensibilityGlobals) = postSolution
		SolutionGuid = {502356C8-F1AE-4165-B61E-FEF7AA6B7CEE}
	EndGlobalSection
EndGlobal
